
Microsoft Visual Studio Solution File, Format Version 12.00
# Visual Studio Version 16
VisualStudioVersion = 16.0.30804.86
MinimumVisualStudioVersion = 10.0.40219.1
Project("{8BC9CEB8-8B4A-11D0-8D11-00A0C91BC942}") = "Chapter1", "Chapter1\Chapter1.vcxproj", "{DC82E998-A69D-490A-8B7F-C9EB80A4F4A6}"
EndProject
Project("{8BC9CEB8-8B4A-11D0-8D11-00A0C91BC942}") = "Chapter2", "Chapter2\Chapter2.vcxproj", "{8430A650-5367-4A7C-A89A-5AD17A8B947E}"
EndProject
Project("{8BC9CEB8-8B4A-11D0-8D11-00A0C91BC942}") = "Chapter5(function)", "Chapter5(function)\Chapter5(function).vcxproj", "{B0E0CE16-6AF2-4EDC-8CBD-12753918D6FF}"
EndProject
Project("{8BC9CEB8-8B4A-11D0-8D11-00A0C91BC942}") = "Chapter3_New(variables)", "Chapter3_New(variables)\Chapter3_New(variables).vcxproj", "{3AF3F2A0-9CEC-4C12-BA56-668C3B71E6E0}"
EndProject
Project("{8BC9CEB8-8B4A-11D0-8D11-00A0C91BC942}") = "Chapter4_New(cin,cout)", "Chapter4_New(cin,cout)\Chapter4_New(cin,cout).vcxproj", "{8FCB0C1C-9F5E-4CB6-93C8-E453F1E6A4AD}"
EndProject
Project("{8BC9CEB8-8B4A-11D0-8D11-00A0C91BC942}") = "Chapter6(header)", "Chapter6(header)\Chapter6(header).vcxproj", "{00633AFB-18B6-4FBD-B50D-ECACB4022147}"
EndProject
Project("{8BC9CEB8-8B4A-11D0-8D11-00A0C91BC942}") = "Chapter7(preprocessor)", "Chapter7(preprocessor)\Chapter7(preprocessor).vcxproj", "{1548ED55-EC15-48F2-8149-44A498727C05}"
EndProject
Global
	GlobalSection(SolutionConfigurationPlatforms) = preSolution
		Debug|x64 = Debug|x64
		Debug|x86 = Debug|x86
		Release|x64 = Release|x64
		Release|x86 = Release|x86
	EndGlobalSection
	GlobalSection(ProjectConfigurationPlatforms) = postSolution
		{DC82E998-A69D-490A-8B7F-C9EB80A4F4A6}.Debug|x64.ActiveCfg = Debug|x64
		{DC82E998-A69D-490A-8B7F-C9EB80A4F4A6}.Debug|x64.Build.0 = Debug|x64
		{DC82E998-A69D-490A-8B7F-C9EB80A4F4A6}.Debug|x86.ActiveCfg = Debug|Win32
		{DC82E998-A69D-490A-8B7F-C9EB80A4F4A6}.Debug|x86.Build.0 = Debug|Win32
		{DC82E998-A69D-490A-8B7F-C9EB80A4F4A6}.Release|x64.ActiveCfg = Release|x64
		{DC82E998-A69D-490A-8B7F-C9EB80A4F4A6}.Release|x64.Build.0 = Release|x64
		{DC82E998-A69D-490A-8B7F-C9EB80A4F4A6}.Release|x86.ActiveCfg = Release|Win32
		{DC82E998-A69D-490A-8B7F-C9EB80A4F4A6}.Release|x86.Build.0 = Release|Win32
		{8430A650-5367-4A7C-A89A-5AD17A8B947E}.Debug|x64.ActiveCfg = Debug|x64
		{8430A650-5367-4A7C-A89A-5AD17A8B947E}.Debug|x64.Build.0 = Debug|x64
		{8430A650-5367-4A7C-A89A-5AD17A8B947E}.Debug|x86.ActiveCfg = Debug|Win32
		{8430A650-5367-4A7C-A89A-5AD17A8B947E}.Debug|x86.Build.0 = Debug|Win32
		{8430A650-5367-4A7C-A89A-5AD17A8B947E}.Release|x64.ActiveCfg = Release|x64
		{8430A650-5367-4A7C-A89A-5AD17A8B947E}.Release|x64.Build.0 = Release|x64
		{8430A650-5367-4A7C-A89A-5AD17A8B947E}.Release|x86.ActiveCfg = Release|Win32
		{8430A650-5367-4A7C-A89A-5AD17A8B947E}.Release|x86.Build.0 = Release|Win32
		{B0E0CE16-6AF2-4EDC-8CBD-12753918D6FF}.Debug|x64.ActiveCfg = Debug|x64
		{B0E0CE16-6AF2-4EDC-8CBD-12753918D6FF}.Debug|x64.Build.0 = Debug|x64
		{B0E0CE16-6AF2-4EDC-8CBD-12753918D6FF}.Debug|x86.ActiveCfg = Debug|Win32
		{B0E0CE16-6AF2-4EDC-8CBD-12753918D6FF}.Debug|x86.Build.0 = Debug|Win32
		{B0E0CE16-6AF2-4EDC-8CBD-12753918D6FF}.Release|x64.ActiveCfg = Release|x64
		{B0E0CE16-6AF2-4EDC-8CBD-12753918D6FF}.Release|x64.Build.0 = Release|x64
		{B0E0CE16-6AF2-4EDC-8CBD-12753918D6FF}.Release|x86.ActiveCfg = Release|Win32
		{B0E0CE16-6AF2-4EDC-8CBD-12753918D6FF}.Release|x86.Build.0 = Release|Win32
		{3AF3F2A0-9CEC-4C12-BA56-668C3B71E6E0}.Debug|x64.ActiveCfg = Debug|x64
		{3AF3F2A0-9CEC-4C12-BA56-668C3B71E6E0}.Debug|x64.Build.0 = Debug|x64
		{3AF3F2A0-9CEC-4C12-BA56-668C3B71E6E0}.Debug|x86.ActiveCfg = Debug|Win32
		{3AF3F2A0-9CEC-4C12-BA56-668C3B71E6E0}.Debug|x86.Build.0 = Debug|Win32
		{3AF3F2A0-9CEC-4C12-BA56-668C3B71E6E0}.Release|x64.ActiveCfg = Release|x64
		{3AF3F2A0-9CEC-4C12-BA56-668C3B71E6E0}.Release|x64.Build.0 = Release|x64
		{3AF3F2A0-9CEC-4C12-BA56-668C3B71E6E0}.Release|x86.ActiveCfg = Release|Win32
		{3AF3F2A0-9CEC-4C12-BA56-668C3B71E6E0}.Release|x86.Build.0 = Release|Win32
		{8FCB0C1C-9F5E-4CB6-93C8-E453F1E6A4AD}.Debug|x64.ActiveCfg = Debug|x64
		{8FCB0C1C-9F5E-4CB6-93C8-E453F1E6A4AD}.Debug|x64.Build.0 = Debug|x64
		{8FCB0C1C-9F5E-4CB6-93C8-E453F1E6A4AD}.Debug|x86.ActiveCfg = Debug|Win32
		{8FCB0C1C-9F5E-4CB6-93C8-E453F1E6A4AD}.Debug|x86.Build.0 = Debug|Win32
		{8FCB0C1C-9F5E-4CB6-93C8-E453F1E6A4AD}.Release|x64.ActiveCfg = Release|x64
		{8FCB0C1C-9F5E-4CB6-93C8-E453F1E6A4AD}.Release|x64.Build.0 = Release|x64
		{8FCB0C1C-9F5E-4CB6-93C8-E453F1E6A4AD}.Release|x86.ActiveCfg = Release|Win32
		{8FCB0C1C-9F5E-4CB6-93C8-E453F1E6A4AD}.Release|x86.Build.0 = Release|Win32
		{00633AFB-18B6-4FBD-B50D-ECACB4022147}.Debug|x64.ActiveCfg = Debug|x64
		{00633AFB-18B6-4FBD-B50D-ECACB4022147}.Debug|x64.Build.0 = Debug|x64
		{00633AFB-18B6-4FBD-B50D-ECACB4022147}.Debug|x86.ActiveCfg = Debug|Win32
		{00633AFB-18B6-4FBD-B50D-ECACB4022147}.Debug|x86.Build.0 = Debug|Win32
		{00633AFB-18B6-4FBD-B50D-ECACB4022147}.Release|x64.ActiveCfg = Release|x64
		{00633AFB-18B6-4FBD-B50D-ECACB4022147}.Release|x64.Build.0 = Release|x64
		{00633AFB-18B6-4FBD-B50D-ECACB4022147}.Release|x86.ActiveCfg = Release|Win32
		{00633AFB-18B6-4FBD-B50D-ECACB4022147}.Release|x86.Build.0 = Release|Win32
		{1548ED55-EC15-48F2-8149-44A498727C05}.Debug|x64.ActiveCfg = Debug|x64
		{1548ED55-EC15-48F2-8149-44A498727C05}.Debug|x64.Build.0 = Debug|x64
		{1548ED55-EC15-48F2-8149-44A498727C05}.Debug|x86.ActiveCfg = Debug|Win32
		{1548ED55-EC15-48F2-8149-44A498727C05}.Debug|x86.Build.0 = Debug|Win32
		{1548ED55-EC15-48F2-8149-44A498727C05}.Release|x64.ActiveCfg = Release|x64
		{1548ED55-EC15-48F2-8149-44A498727C05}.Release|x64.Build.0 = Release|x64
		{1548ED55-EC15-48F2-8149-44A498727C05}.Release|x86.ActiveCfg = Release|Win32
		{1548ED55-EC15-48F2-8149-44A498727C05}.Release|x86.Build.0 = Release|Win32
	EndGlobalSection
	GlobalSection(SolutionProperties) = preSolution
		HideSolutionNode = FALSE
	EndGlobalSection
	GlobalSection(ExtensibilityGlobals) = postSolution
		SolutionGuid = {B6D6E096-53BD-47BF-BF86-0A3C577734B7}
	EndGlobalSection
EndGlobal
